{
  "nodes": {
    "home-manager": {
      "inputs": {
        "nixpkgs": [
          "nixpkgs"
        ]
      },
      "locked": {
        "narHash": "sha256-xSjMKdNR+q/3hdSPyg/LUMsZT/WIoUi8dcm5zT4SMUQ=",
        "rev": "68f7d8c0fb0bfc67d1916dd7f06288424360d43a",
        "revCount": 3051,
        "type": "tarball",
        "url": "https://api.flakehub.com/f/pinned/nix-community/home-manager/0.1.3051%2Brev-68f7d8c0fb0bfc67d1916dd7f06288424360d43a/018afe53-8017-7bd3-9bc6-6385382959e5/source.tar.gz"
      },
      "original": {
        "type": "tarball",
        "url": "https://flakehub.com/f/nix-community/home-manager/0.1.2984.tar.gz"
      }
    },
    "nixpkgs": {
      "locked": {
        "narHash": "sha256-mnQjUcYgp9Guu3RNVAB2Srr1TqKcPpRXmJf4LJk6KRY=",
        "rev": "fdd898f8f79e8d2f99ed2ab6b3751811ef683242",
        "revCount": 531102,
        "type": "tarball",
        "url": "https://api.flakehub.com/f/pinned/NixOS/nixpkgs/0.1.531102%2Brev-fdd898f8f79e8d2f99ed2ab6b3751811ef683242/018af92d-4afe-74eb-9205-c0d057d7a0e4/source.tar.gz"
      },
      "original": {
        "type": "tarball",
        "url": "https://flakehub.com/f/NixOS/nixpkgs/0.1.0.tar.gz"
      }
    },
    "root": {
      "inputs": {
        "home-manager": "home-manager",
        "nixpkgs": "nixpkgs"
      }
    }
  },
  "root": "root",
  "version": 7
}
